
Microsoft Visual Studio Solution File, Format Version 12.00
# Visual Studio Version 16
VisualStudioVersion = 16.0.32228.343
MinimumVisualStudioVersion = 10.0.40219.1
Project("{FAE04EC0-301F-11D3-BF4B-00C04F79EFBC}") = "Tipos de Variaveis", "Tipos de Variaveis.csproj", "{415AE21D-6260-4970-8E71-6F984C5541E2}"
EndProject
Global
	GlobalSection(SolutionConfigurationPlatforms) = preSolution
		Debug|Any CPU = Debug|Any CPU
		Release|Any CPU = Release|Any CPU
	EndGlobalSection
	GlobalSection(ProjectConfigurationPlatforms) = postSolution
		{415AE21D-6260-4970-8E71-6F984C5541E2}.Debug|Any CPU.ActiveCfg = Debug|Any CPU
		{415AE21D-6260-4970-8E71-6F984C5541E2}.Debug|Any CPU.Build.0 = Debug|Any CPU
		{415AE21D-6260-4970-8E71-6F984C5541E2}.Release|Any CPU.ActiveCfg = Release|Any CPU
		{415AE21D-6260-4970-8E71-6F984C5541E2}.Release|Any CPU.Build.0 = Release|Any CPU
	EndGlobalSection
	GlobalSection(SolutionProperties) = preSolution
		HideSolutionNode = FALSE
	EndGlobalSection
	GlobalSection(ExtensibilityGlobals) = postSolution
		SolutionGuid = {6F5CFFC5-84AD-4C8C-815A-88AC24CE538C}
	EndGlobalSection
EndGlobal
